// !$*UTF8*$!
{
	archiveVersion = 1;
	classes = {
	};
	objectVersion = 56;
	objects = {

/* Begin PBXBuildFile section */
		740C74B129DAB58C005659AF /* MovieListViewModel.swift in Sources */ = {isa = PBXBuildFile; fileRef = 740C74B029DAB58C005659AF /* MovieListViewModel.swift */; };
		7419238529DEA68900C64B25 /* AvatarImageView.swift in Sources */ = {isa = PBXBuildFile; fileRef = 7419238429DEA68900C64B25 /* AvatarImageView.swift */; };
		741A153729D9B0230053A6A8 /* MockableModel.swift in Sources */ = {isa = PBXBuildFile; fileRef = 741A153629D9B0230053A6A8 /* MockableModel.swift */; };
		741A153929D9B17F0053A6A8 /* FetchedDataType.swift in Sources */ = {isa = PBXBuildFile; fileRef = 741A153829D9B17F0053A6A8 /* FetchedDataType.swift */; };
		742DA3A029D81A1500F5B944 /* MovieDetailView.swift in Sources */ = {isa = PBXBuildFile; fileRef = 742DA39F29D81A1500F5B944 /* MovieDetailView.swift */; };
		742DA3A729D81E6C00F5B944 /* ImageSlider.swift in Sources */ = {isa = PBXBuildFile; fileRef = 742DA3A629D81E6C00F5B944 /* ImageSlider.swift */; };
		742DA3AA29D82CF700F5B944 /* LoadableImage.swift in Sources */ = {isa = PBXBuildFile; fileRef = 742DA3A929D82CF700F5B944 /* LoadableImage.swift */; };
		7440F8A429E0AE76006E701A /* PersonDetailView.swift in Sources */ = {isa = PBXBuildFile; fileRef = 7440F8A329E0AE76006E701A /* PersonDetailView.swift */; };
		7440F8A729E173A8006E701A /* MovieReviewsModel.swift in Sources */ = {isa = PBXBuildFile; fileRef = 7440F8A629E173A8006E701A /* MovieReviewsModel.swift */; };
		7440F8A929E17453006E701A /* MovieReviewsUIModel.swift in Sources */ = {isa = PBXBuildFile; fileRef = 7440F8A829E17453006E701A /* MovieReviewsUIModel.swift */; };
		7440F8AF29E1941F006E701A /* DateTransform.swift in Sources */ = {isa = PBXBuildFile; fileRef = 7440F8AE29E1941F006E701A /* DateTransform.swift */; };
		7440F8B229E2F7D1006E701A /* PersonModel.swift in Sources */ = {isa = PBXBuildFile; fileRef = 7440F8B129E2F7D1006E701A /* PersonModel.swift */; };
		7440F8B429E2F8E0006E701A /* PersonUIModel.swift in Sources */ = {isa = PBXBuildFile; fileRef = 7440F8B329E2F8E0006E701A /* PersonUIModel.swift */; };
		7440F8B629E31293006E701A /* PersonDetailViewModel.swift in Sources */ = {isa = PBXBuildFile; fileRef = 7440F8B529E31293006E701A /* PersonDetailViewModel.swift */; };
		7440F8B829E40294006E701A /* VideioView.swift in Sources */ = {isa = PBXBuildFile; fileRef = 7440F8B729E40294006E701A /* VideioView.swift */; };
		7454C85329D6F264007473D4 /* MovieBoodApp.swift in Sources */ = {isa = PBXBuildFile; fileRef = 7454C85229D6F264007473D4 /* MovieBoodApp.swift */; };
		7454C85529D6F264007473D4 /* MovieListView.swift in Sources */ = {isa = PBXBuildFile; fileRef = 7454C85429D6F264007473D4 /* MovieListView.swift */; };
		7454C85729D6F266007473D4 /* Assets.xcassets in Resources */ = {isa = PBXBuildFile; fileRef = 7454C85629D6F266007473D4 /* Assets.xcassets */; };
		7454C85A29D6F266007473D4 /* Preview Assets.xcassets in Resources */ = {isa = PBXBuildFile; fileRef = 7454C85929D6F266007473D4 /* Preview Assets.xcassets */; };
		7454C86129D72161007473D4 /* MovieBoodTabView.swift in Sources */ = {isa = PBXBuildFile; fileRef = 7454C86029D72161007473D4 /* MovieBoodTabView.swift */; };
		7454C86329D7220C007473D4 /* SearchView.swift in Sources */ = {isa = PBXBuildFile; fileRef = 7454C86229D7220C007473D4 /* SearchView.swift */; };
		7454C86529D72255007473D4 /* WatchListView.swift in Sources */ = {isa = PBXBuildFile; fileRef = 7454C86429D72255007473D4 /* WatchListView.swift */; };
		7464837F29EB0C1D004AF6AD /* ReviewDetailView.swift in Sources */ = {isa = PBXBuildFile; fileRef = 7464837E29EB0C1D004AF6AD /* ReviewDetailView.swift */; };
		7464838229EBD28B004AF6AD /* PersonMovieCredits.swift in Sources */ = {isa = PBXBuildFile; fileRef = 7464838129EBD28B004AF6AD /* PersonMovieCredits.swift */; };
		7464838529EBD3CF004AF6AD /* PersonMovieCreditsUIModel.swift in Sources */ = {isa = PBXBuildFile; fileRef = 7464838429EBD3CF004AF6AD /* PersonMovieCreditsUIModel.swift */; };
		749CFA2F2A38AD6900380161 /* Squence+Extensions.swift in Sources */ = {isa = PBXBuildFile; fileRef = 749CFA2E2A38AD6900380161 /* Squence+Extensions.swift */; };
		749CFA4E2A39B10300380161 /* MovieBoodTests.swift in Sources */ = {isa = PBXBuildFile; fileRef = 749CFA4D2A39B10300380161 /* MovieBoodTests.swift */; };
		749CFA582A39B24100380161 /* MoviesUIModelConverterTests.swift in Sources */ = {isa = PBXBuildFile; fileRef = 749CFA542A39B12100380161 /* MoviesUIModelConverterTests.swift */; };
		749CFA5F2A39B3F500380161 /* RealmSwift in Frameworks */ = {isa = PBXBuildFile; productRef = 749CFA5E2A39B3F500380161 /* RealmSwift */; };
		749CFA612A39B40A00380161 /* Resolver in Frameworks */ = {isa = PBXBuildFile; productRef = 749CFA602A39B40A00380161 /* Resolver */; };
		749CFA652A39B6D700380161 /* MovieReviewsUIModelConverterTests.swift in Sources */ = {isa = PBXBuildFile; fileRef = 749CFA642A39B6D700380161 /* MovieReviewsUIModelConverterTests.swift */; };
		749CFA672A39C69900380161 /* MovieDetailUIModelConverterTests.swift in Sources */ = {isa = PBXBuildFile; fileRef = 749CFA662A39C69900380161 /* MovieDetailUIModelConverterTests.swift */; };
		749CFA6B2A39C97E00380161 /* MovieDetail.json in Resources */ = {isa = PBXBuildFile; fileRef = 749CFA6A2A39C97E00380161 /* MovieDetail.json */; };
		749CFA6E2A39C9C300380161 /* MockData.swift in Sources */ = {isa = PBXBuildFile; fileRef = 749CFA6D2A39C9C300380161 /* MockData.swift */; };
		749CFA702A39CA0B00380161 /* Bundle+Extensions.swift in Sources */ = {isa = PBXBuildFile; fileRef = 749CFA6F2A39CA0B00380161 /* Bundle+Extensions.swift */; };
		74A36F8E29EA82970006E1E0 /* EmptyState.swift in Sources */ = {isa = PBXBuildFile; fileRef = 74A36F8D29EA82970006E1E0 /* EmptyState.swift */; };
		74A36F9029EA85030006E1E0 /* SearchViewModel.swift in Sources */ = {isa = PBXBuildFile; fileRef = 74A36F8F29EA85030006E1E0 /* SearchViewModel.swift */; };
		74A36F9229EA85CC0006E1E0 /* MovieSearchModel.swift in Sources */ = {isa = PBXBuildFile; fileRef = 74A36F9129EA85CC0006E1E0 /* MovieSearchModel.swift */; };
		74A36F9429EA8C830006E1E0 /* MovieSearchUIModel.swift in Sources */ = {isa = PBXBuildFile; fileRef = 74A36F9329EA8C830006E1E0 /* MovieSearchUIModel.swift */; };
		74B0407829D967DB00F7224C /* MovieResponse.swift in Sources */ = {isa = PBXBuildFile; fileRef = 74B0407729D967DB00F7224C /* MovieResponse.swift */; };
		74B0407A29D9685300F7224C /* MoviesModel.swift in Sources */ = {isa = PBXBuildFile; fileRef = 74B0407929D9685300F7224C /* MoviesModel.swift */; };
		74B0407D29D9A9FC00F7224C /* MovieEndPoints.swift in Sources */ = {isa = PBXBuildFile; fileRef = 74B0407C29D9A9FC00F7224C /* MovieEndPoints.swift */; };
		74B0407F29D9AA8C00F7224C /* MoviesRepository.swift in Sources */ = {isa = PBXBuildFile; fileRef = 74B0407E29D9AA8C00F7224C /* MoviesRepository.swift */; };
		74B0408229D9AB3900F7224C /* MoviesUIModel.swift in Sources */ = {isa = PBXBuildFile; fileRef = 74B0408129D9AB3900F7224C /* MoviesUIModel.swift */; };
		74B1DBC329DC0450006EE7C2 /* MovieDetailViewModel.swift in Sources */ = {isa = PBXBuildFile; fileRef = 74B1DBC229DC0450006EE7C2 /* MovieDetailViewModel.swift */; };
		74B3B05729DEB2FA00250A52 /* Color+Extensions.swift in Sources */ = {isa = PBXBuildFile; fileRef = 74B3B05629DEB2FA00250A52 /* Color+Extensions.swift */; };
		74B3B05929DEE10600250A52 /* ReviewCell.swift in Sources */ = {isa = PBXBuildFile; fileRef = 74B3B05829DEE10600250A52 /* ReviewCell.swift */; };
		74B3B05B29DEF59000250A52 /* MovieDetailModel.swift in Sources */ = {isa = PBXBuildFile; fileRef = 74B3B05A29DEF59000250A52 /* MovieDetailModel.swift */; };
		74B3B05D29DEFB6600250A52 /* MovieDetailUIModel.swift in Sources */ = {isa = PBXBuildFile; fileRef = 74B3B05C29DEFB6600250A52 /* MovieDetailUIModel.swift */; };
		74B3B05F29E00F2900250A52 /* MovieDetailRepository.swift in Sources */ = {isa = PBXBuildFile; fileRef = 74B3B05E29E00F2900250A52 /* MovieDetailRepository.swift */; };
		74B3B06129E00F7100250A52 /* MovieDetailRemoteService.swift in Sources */ = {isa = PBXBuildFile; fileRef = 74B3B06029E00F7100250A52 /* MovieDetailRemoteService.swift */; };
		74C01DC529E42FAF003E84D4 /* Realm in Frameworks */ = {isa = PBXBuildFile; productRef = 74C01DC429E42FAF003E84D4 /* Realm */; };
		74C01DC729E42FAF003E84D4 /* RealmSwift in Frameworks */ = {isa = PBXBuildFile; productRef = 74C01DC629E42FAF003E84D4 /* RealmSwift */; };
		74C01DC929E43061003E84D4 /* FavoriteModel.swift in Sources */ = {isa = PBXBuildFile; fileRef = 74C01DC829E43061003E84D4 /* FavoriteModel.swift */; };
		74C01DCB29E541BD003E84D4 /* WatchListViewModel.swift in Sources */ = {isa = PBXBuildFile; fileRef = 74C01DCA29E541BD003E84D4 /* WatchListViewModel.swift */; };
		74C01DCF29E543A7003E84D4 /* MovieListCell.swift in Sources */ = {isa = PBXBuildFile; fileRef = 74C01DCE29E543A7003E84D4 /* MovieListCell.swift */; };
		74F31B4229D875700066981C /* Resolver in Frameworks */ = {isa = PBXBuildFile; productRef = 74F31B4129D875700066981C /* Resolver */; };
		74F31B4529D875BE0066981C /* DependencyRegistrationService.swift in Sources */ = {isa = PBXBuildFile; fileRef = 74F31B4429D875BE0066981C /* DependencyRegistrationService.swift */; };
		74F31B4829D875F30066981C /* RemoteServiceRegistrations.swift in Sources */ = {isa = PBXBuildFile; fileRef = 74F31B4729D875F30066981C /* RemoteServiceRegistrations.swift */; };
		74F31B4A29D876320066981C /* RepositoryRegistrations.swift in Sources */ = {isa = PBXBuildFile; fileRef = 74F31B4929D876320066981C /* RepositoryRegistrations.swift */; };
		74F31B4C29D876460066981C /* ServiceRegistrations.swift in Sources */ = {isa = PBXBuildFile; fileRef = 74F31B4B29D876460066981C /* ServiceRegistrations.swift */; };
		74F31B4E29D876B40066981C /* AppDelegate.swift in Sources */ = {isa = PBXBuildFile; fileRef = 74F31B4D29D876B40066981C /* AppDelegate.swift */; };
		74F31B5029D876E40066981C /* AppConfig.swift in Sources */ = {isa = PBXBuildFile; fileRef = 74F31B4F29D876E40066981C /* AppConfig.swift */; };
		74F31B5729D878000066981C /* TargetEndPointProtocol.swift in Sources */ = {isa = PBXBuildFile; fileRef = 74F31B5629D878000066981C /* TargetEndPointProtocol.swift */; };
		74F31B5929D878130066981C /* BaseServiceProtocol.swift in Sources */ = {isa = PBXBuildFile; fileRef = 74F31B5829D878130066981C /* BaseServiceProtocol.swift */; };
		74F31B5B29D878200066981C /* Requestable.swift in Sources */ = {isa = PBXBuildFile; fileRef = 74F31B5A29D878200066981C /* Requestable.swift */; };
		74F31B5D29D878300066981C /* NetworkLoader.swift in Sources */ = {isa = PBXBuildFile; fileRef = 74F31B5C29D878300066981C /* NetworkLoader.swift */; };
		74F31B5F29D878510066981C /* URLComponentsExtensions.swift in Sources */ = {isa = PBXBuildFile; fileRef = 74F31B5E29D878510066981C /* URLComponentsExtensions.swift */; };
		74F31B6129D878780066981C /* URLSessionExtensions.swift in Sources */ = {isa = PBXBuildFile; fileRef = 74F31B6029D878780066981C /* URLSessionExtensions.swift */; };
		74F31B6329D878A10066981C /* HTTPResponseExntensions.swift in Sources */ = {isa = PBXBuildFile; fileRef = 74F31B6229D878A10066981C /* HTTPResponseExntensions.swift */; };
		74F31B6529D878B60066981C /* HTTPMethod.swift in Sources */ = {isa = PBXBuildFile; fileRef = 74F31B6429D878B60066981C /* HTTPMethod.swift */; };
		74F31B6729D878D70066981C /* HTTPStatus.swift in Sources */ = {isa = PBXBuildFile; fileRef = 74F31B6629D878D70066981C /* HTTPStatus.swift */; };
		74F31B6929D878EC0066981C /* AppError.swift in Sources */ = {isa = PBXBuildFile; fileRef = 74F31B6829D878EC0066981C /* AppError.swift */; };
		74F31B6B29D878FB0066981C /* RequestObject.swift in Sources */ = {isa = PBXBuildFile; fileRef = 74F31B6A29D878FB0066981C /* RequestObject.swift */; };
		74F31B7329D879AC0066981C /* NetworkService.swift in Sources */ = {isa = PBXBuildFile; fileRef = 74F31B7229D879AC0066981C /* NetworkService.swift */; };
		74F31B7629D8AAC50066981C /* MoviesRemoteService.swift in Sources */ = {isa = PBXBuildFile; fileRef = 74F31B7529D8AAC50066981C /* MoviesRemoteService.swift */; };
/* End PBXBuildFile section */

/* Begin PBXContainerItemProxy section */
		749CFA4F2A39B10300380161 /* PBXContainerItemProxy */ = {
			isa = PBXContainerItemProxy;
			containerPortal = 7454C84729D6F264007473D4 /* Project object */;
			proxyType = 1;
			remoteGlobalIDString = 7454C84E29D6F264007473D4;
			remoteInfo = MovieBood;
		};
/* End PBXContainerItemProxy section */

/* Begin PBXFileReference section */
		740C74B029DAB58C005659AF /* MovieListViewModel.swift */ = {isa = PBXFileReference; lastKnownFileType = sourcecode.swift; path = MovieListViewModel.swift; sourceTree = "<group>"; };
		7419238429DEA68900C64B25 /* AvatarImageView.swift */ = {isa = PBXFileReference; lastKnownFileType = sourcecode.swift; path = AvatarImageView.swift; sourceTree = "<group>"; };
		741A153629D9B0230053A6A8 /* MockableModel.swift */ = {isa = PBXFileReference; lastKnownFileType = sourcecode.swift; path = MockableModel.swift; sourceTree = "<group>"; };
		741A153829D9B17F0053A6A8 /* FetchedDataType.swift */ = {isa = PBXFileReference; lastKnownFileType = sourcecode.swift; path = FetchedDataType.swift; sourceTree = "<group>"; };
		742DA39B29D72BD300F5B944 /* Info.plist */ = {isa = PBXFileReference; lastKnownFileType = text.plist; path = Info.plist; sourceTree = "<group>"; };
		742DA39D29D8176800F5B944 /* PlayfairDisplay-Bold.ttf */ = {isa = PBXFileReference; lastKnownFileType = file; path = "PlayfairDisplay-Bold.ttf"; sourceTree = "<group>"; };
		742DA39E29D8176900F5B944 /* PlayfairDisplay-Regular.ttf */ = {isa = PBXFileReference; lastKnownFileType = file; path = "PlayfairDisplay-Regular.ttf"; sourceTree = "<group>"; };
		742DA39F29D81A1500F5B944 /* MovieDetailView.swift */ = {isa = PBXFileReference; lastKnownFileType = sourcecode.swift; path = MovieDetailView.swift; sourceTree = "<group>"; };
		742DA3A629D81E6C00F5B944 /* ImageSlider.swift */ = {isa = PBXFileReference; lastKnownFileType = sourcecode.swift; path = ImageSlider.swift; sourceTree = "<group>"; };
		742DA3A929D82CF700F5B944 /* LoadableImage.swift */ = {isa = PBXFileReference; lastKnownFileType = sourcecode.swift; path = LoadableImage.swift; sourceTree = "<group>"; };
		7440F8A329E0AE76006E701A /* PersonDetailView.swift */ = {isa = PBXFileReference; lastKnownFileType = sourcecode.swift; path = PersonDetailView.swift; sourceTree = "<group>"; };
		7440F8A629E173A8006E701A /* MovieReviewsModel.swift */ = {isa = PBXFileReference; lastKnownFileType = sourcecode.swift; path = MovieReviewsModel.swift; sourceTree = "<group>"; };
		7440F8A829E17453006E701A /* MovieReviewsUIModel.swift */ = {isa = PBXFileReference; lastKnownFileType = sourcecode.swift; path = MovieReviewsUIModel.swift; sourceTree = "<group>"; };
		7440F8AE29E1941F006E701A /* DateTransform.swift */ = {isa = PBXFileReference; lastKnownFileType = sourcecode.swift; path = DateTransform.swift; sourceTree = "<group>"; };
		7440F8B029E1ED98006E701A /* README.md */ = {isa = PBXFileReference; lastKnownFileType = net.daringfireball.markdown; path = README.md; sourceTree = "<group>"; };
		7440F8B129E2F7D1006E701A /* PersonModel.swift */ = {isa = PBXFileReference; lastKnownFileType = sourcecode.swift; path = PersonModel.swift; sourceTree = "<group>"; };
		7440F8B329E2F8E0006E701A /* PersonUIModel.swift */ = {isa = PBXFileReference; lastKnownFileType = sourcecode.swift; path = PersonUIModel.swift; sourceTree = "<group>"; };
		7440F8B529E31293006E701A /* PersonDetailViewModel.swift */ = {isa = PBXFileReference; lastKnownFileType = sourcecode.swift; path = PersonDetailViewModel.swift; sourceTree = "<group>"; };
		7440F8B729E40294006E701A /* VideioView.swift */ = {isa = PBXFileReference; lastKnownFileType = sourcecode.swift; path = VideioView.swift; sourceTree = "<group>"; };
		7454C84F29D6F264007473D4 /* MovieBood.app */ = {isa = PBXFileReference; explicitFileType = wrapper.application; includeInIndex = 0; path = MovieBood.app; sourceTree = BUILT_PRODUCTS_DIR; };
		7454C85229D6F264007473D4 /* MovieBoodApp.swift */ = {isa = PBXFileReference; lastKnownFileType = sourcecode.swift; path = MovieBoodApp.swift; sourceTree = "<group>"; };
		7454C85429D6F264007473D4 /* MovieListView.swift */ = {isa = PBXFileReference; lastKnownFileType = sourcecode.swift; path = MovieListView.swift; sourceTree = "<group>"; };
		7454C85629D6F266007473D4 /* Assets.xcassets */ = {isa = PBXFileReference; lastKnownFileType = folder.assetcatalog; path = Assets.xcassets; sourceTree = "<group>"; };
		7454C85929D6F266007473D4 /* Preview Assets.xcassets */ = {isa = PBXFileReference; lastKnownFileType = folder.assetcatalog; path = "Preview Assets.xcassets"; sourceTree = "<group>"; };
		7454C86029D72161007473D4 /* MovieBoodTabView.swift */ = {isa = PBXFileReference; lastKnownFileType = sourcecode.swift; path = MovieBoodTabView.swift; sourceTree = "<group>"; usesTabs = 0; };
		7454C86229D7220C007473D4 /* SearchView.swift */ = {isa = PBXFileReference; lastKnownFileType = sourcecode.swift; path = SearchView.swift; sourceTree = "<group>"; };
		7454C86429D72255007473D4 /* WatchListView.swift */ = {isa = PBXFileReference; lastKnownFileType = sourcecode.swift; path = WatchListView.swift; sourceTree = "<group>"; };
		7464837E29EB0C1D004AF6AD /* ReviewDetailView.swift */ = {isa = PBXFileReference; lastKnownFileType = sourcecode.swift; path = ReviewDetailView.swift; sourceTree = "<group>"; };
		7464838129EBD28B004AF6AD /* PersonMovieCredits.swift */ = {isa = PBXFileReference; lastKnownFileType = sourcecode.swift; path = PersonMovieCredits.swift; sourceTree = "<group>"; };
		7464838429EBD3CF004AF6AD /* PersonMovieCreditsUIModel.swift */ = {isa = PBXFileReference; lastKnownFileType = sourcecode.swift; path = PersonMovieCreditsUIModel.swift; sourceTree = "<group>"; };
		749CFA2E2A38AD6900380161 /* Squence+Extensions.swift */ = {isa = PBXFileReference; lastKnownFileType = sourcecode.swift; path = "Squence+Extensions.swift"; sourceTree = "<group>"; };
		749CFA4B2A39B10300380161 /* MovieBoodTests.xctest */ = {isa = PBXFileReference; explicitFileType = wrapper.cfbundle; includeInIndex = 0; path = MovieBoodTests.xctest; sourceTree = BUILT_PRODUCTS_DIR; };
		749CFA4D2A39B10300380161 /* MovieBoodTests.swift */ = {isa = PBXFileReference; lastKnownFileType = sourcecode.swift; path = MovieBoodTests.swift; sourceTree = "<group>"; };
		749CFA542A39B12100380161 /* MoviesUIModelConverterTests.swift */ = {isa = PBXFileReference; lastKnownFileType = sourcecode.swift; path = MoviesUIModelConverterTests.swift; sourceTree = "<group>"; };
		749CFA642A39B6D700380161 /* MovieReviewsUIModelConverterTests.swift */ = {isa = PBXFileReference; lastKnownFileType = sourcecode.swift; path = MovieReviewsUIModelConverterTests.swift; sourceTree = "<group>"; };
		749CFA662A39C69900380161 /* MovieDetailUIModelConverterTests.swift */ = {isa = PBXFileReference; lastKnownFileType = sourcecode.swift; path = MovieDetailUIModelConverterTests.swift; sourceTree = "<group>"; };
		749CFA6A2A39C97E00380161 /* MovieDetail.json */ = {isa = PBXFileReference; lastKnownFileType = text.json; path = MovieDetail.json; sourceTree = "<group>"; };
		749CFA6D2A39C9C300380161 /* MockData.swift */ = {isa = PBXFileReference; lastKnownFileType = sourcecode.swift; path = MockData.swift; sourceTree = "<group>"; };
		749CFA6F2A39CA0B00380161 /* Bundle+Extensions.swift */ = {isa = PBXFileReference; lastKnownFileType = sourcecode.swift; path = "Bundle+Extensions.swift"; sourceTree = "<group>"; };
		74A36F8D29EA82970006E1E0 /* EmptyState.swift */ = {isa = PBXFileReference; lastKnownFileType = sourcecode.swift; path = EmptyState.swift; sourceTree = "<group>"; };
		74A36F8F29EA85030006E1E0 /* SearchViewModel.swift */ = {isa = PBXFileReference; lastKnownFileType = sourcecode.swift; path = SearchViewModel.swift; sourceTree = "<group>"; };
		74A36F9129EA85CC0006E1E0 /* MovieSearchModel.swift */ = {isa = PBXFileReference; lastKnownFileType = sourcecode.swift; path = MovieSearchModel.swift; sourceTree = "<group>"; };
		74A36F9329EA8C830006E1E0 /* MovieSearchUIModel.swift */ = {isa = PBXFileReference; lastKnownFileType = sourcecode.swift; path = MovieSearchUIModel.swift; sourceTree = "<group>"; };
		74B0407729D967DB00F7224C /* MovieResponse.swift */ = {isa = PBXFileReference; lastKnownFileType = sourcecode.swift; path = MovieResponse.swift; sourceTree = "<group>"; };
		74B0407929D9685300F7224C /* MoviesModel.swift */ = {isa = PBXFileReference; lastKnownFileType = sourcecode.swift; path = MoviesModel.swift; sourceTree = "<group>"; };
		74B0407C29D9A9FC00F7224C /* MovieEndPoints.swift */ = {isa = PBXFileReference; lastKnownFileType = sourcecode.swift; path = MovieEndPoints.swift; sourceTree = "<group>"; };
		74B0407E29D9AA8C00F7224C /* MoviesRepository.swift */ = {isa = PBXFileReference; lastKnownFileType = sourcecode.swift; path = MoviesRepository.swift; sourceTree = "<group>"; };
		74B0408129D9AB3900F7224C /* MoviesUIModel.swift */ = {isa = PBXFileReference; lastKnownFileType = sourcecode.swift; path = MoviesUIModel.swift; sourceTree = "<group>"; };
		74B1DBC229DC0450006EE7C2 /* MovieDetailViewModel.swift */ = {isa = PBXFileReference; lastKnownFileType = sourcecode.swift; path = MovieDetailViewModel.swift; sourceTree = "<group>"; };
		74B3B05629DEB2FA00250A52 /* Color+Extensions.swift */ = {isa = PBXFileReference; lastKnownFileType = sourcecode.swift; path = "Color+Extensions.swift"; sourceTree = "<group>"; };
		74B3B05829DEE10600250A52 /* ReviewCell.swift */ = {isa = PBXFileReference; lastKnownFileType = sourcecode.swift; path = ReviewCell.swift; sourceTree = "<group>"; };
		74B3B05A29DEF59000250A52 /* MovieDetailModel.swift */ = {isa = PBXFileReference; lastKnownFileType = sourcecode.swift; path = MovieDetailModel.swift; sourceTree = "<group>"; };
		74B3B05C29DEFB6600250A52 /* MovieDetailUIModel.swift */ = {isa = PBXFileReference; lastKnownFileType = sourcecode.swift; path = MovieDetailUIModel.swift; sourceTree = "<group>"; };
		74B3B05E29E00F2900250A52 /* MovieDetailRepository.swift */ = {isa = PBXFileReference; lastKnownFileType = sourcecode.swift; path = MovieDetailRepository.swift; sourceTree = "<group>"; };
		74B3B06029E00F7100250A52 /* MovieDetailRemoteService.swift */ = {isa = PBXFileReference; lastKnownFileType = sourcecode.swift; path = MovieDetailRemoteService.swift; sourceTree = "<group>"; };
		74C01DC829E43061003E84D4 /* FavoriteModel.swift */ = {isa = PBXFileReference; lastKnownFileType = sourcecode.swift; path = FavoriteModel.swift; sourceTree = "<group>"; };
		74C01DCA29E541BD003E84D4 /* WatchListViewModel.swift */ = {isa = PBXFileReference; lastKnownFileType = sourcecode.swift; path = WatchListViewModel.swift; sourceTree = "<group>"; };
		74C01DCE29E543A7003E84D4 /* MovieListCell.swift */ = {isa = PBXFileReference; lastKnownFileType = sourcecode.swift; path = MovieListCell.swift; sourceTree = "<group>"; };
		74F31B4429D875BE0066981C /* DependencyRegistrationService.swift */ = {isa = PBXFileReference; lastKnownFileType = sourcecode.swift; path = DependencyRegistrationService.swift; sourceTree = "<group>"; };
		74F31B4729D875F30066981C /* RemoteServiceRegistrations.swift */ = {isa = PBXFileReference; lastKnownFileType = sourcecode.swift; path = RemoteServiceRegistrations.swift; sourceTree = "<group>"; };
		74F31B4929D876320066981C /* RepositoryRegistrations.swift */ = {isa = PBXFileReference; lastKnownFileType = sourcecode.swift; path = RepositoryRegistrations.swift; sourceTree = "<group>"; };
		74F31B4B29D876460066981C /* ServiceRegistrations.swift */ = {isa = PBXFileReference; lastKnownFileType = sourcecode.swift; path = ServiceRegistrations.swift; sourceTree = "<group>"; };
		74F31B4D29D876B40066981C /* AppDelegate.swift */ = {isa = PBXFileReference; lastKnownFileType = sourcecode.swift; path = AppDelegate.swift; sourceTree = "<group>"; };
		74F31B4F29D876E40066981C /* AppConfig.swift */ = {isa = PBXFileReference; lastKnownFileType = sourcecode.swift; path = AppConfig.swift; sourceTree = "<group>"; };
		74F31B5629D878000066981C /* TargetEndPointProtocol.swift */ = {isa = PBXFileReference; lastKnownFileType = sourcecode.swift; path = TargetEndPointProtocol.swift; sourceTree = "<group>"; };
		74F31B5829D878130066981C /* BaseServiceProtocol.swift */ = {isa = PBXFileReference; lastKnownFileType = sourcecode.swift; path = BaseServiceProtocol.swift; sourceTree = "<group>"; };
		74F31B5A29D878200066981C /* Requestable.swift */ = {isa = PBXFileReference; lastKnownFileType = sourcecode.swift; path = Requestable.swift; sourceTree = "<group>"; };
		74F31B5C29D878300066981C /* NetworkLoader.swift */ = {isa = PBXFileReference; lastKnownFileType = sourcecode.swift; path = NetworkLoader.swift; sourceTree = "<group>"; };
		74F31B5E29D878510066981C /* URLComponentsExtensions.swift */ = {isa = PBXFileReference; lastKnownFileType = sourcecode.swift; path = URLComponentsExtensions.swift; sourceTree = "<group>"; };
		74F31B6029D878780066981C /* URLSessionExtensions.swift */ = {isa = PBXFileReference; lastKnownFileType = sourcecode.swift; path = URLSessionExtensions.swift; sourceTree = "<group>"; };
		74F31B6229D878A10066981C /* HTTPResponseExntensions.swift */ = {isa = PBXFileReference; lastKnownFileType = sourcecode.swift; path = HTTPResponseExntensions.swift; sourceTree = "<group>"; };
		74F31B6429D878B60066981C /* HTTPMethod.swift */ = {isa = PBXFileReference; lastKnownFileType = sourcecode.swift; path = HTTPMethod.swift; sourceTree = "<group>"; };
		74F31B6629D878D70066981C /* HTTPStatus.swift */ = {isa = PBXFileReference; lastKnownFileType = sourcecode.swift; path = HTTPStatus.swift; sourceTree = "<group>"; };
		74F31B6829D878EC0066981C /* AppError.swift */ = {isa = PBXFileReference; lastKnownFileType = sourcecode.swift; path = AppError.swift; sourceTree = "<group>"; };
		74F31B6A29D878FB0066981C /* RequestObject.swift */ = {isa = PBXFileReference; lastKnownFileType = sourcecode.swift; path = RequestObject.swift; sourceTree = "<group>"; };
		74F31B7229D879AC0066981C /* NetworkService.swift */ = {isa = PBXFileReference; lastKnownFileType = sourcecode.swift; path = NetworkService.swift; sourceTree = "<group>"; };
		74F31B7529D8AAC50066981C /* MoviesRemoteService.swift */ = {isa = PBXFileReference; lastKnownFileType = sourcecode.swift; path = MoviesRemoteService.swift; sourceTree = "<group>"; };
/* End PBXFileReference section */

/* Begin PBXFrameworksBuildPhase section */
		7454C84C29D6F264007473D4 /* Frameworks */ = {
			isa = PBXFrameworksBuildPhase;
			buildActionMask = 2147483647;
			files = (
				74C01DC729E42FAF003E84D4 /* RealmSwift in Frameworks */,
				74C01DC529E42FAF003E84D4 /* Realm in Frameworks */,
				74F31B4229D875700066981C /* Resolver in Frameworks */,
			);
			runOnlyForDeploymentPostprocessing = 0;
		};
		749CFA482A39B10300380161 /* Frameworks */ = {
			isa = PBXFrameworksBuildPhase;
			buildActionMask = 2147483647;
			files = (
				749CFA612A39B40A00380161 /* Resolver in Frameworks */,
				749CFA5F2A39B3F500380161 /* RealmSwift in Frameworks */,
			);
			runOnlyForDeploymentPostprocessing = 0;
		};
/* End PBXFrameworksBuildPhase section */

/* Begin PBXGroup section */
		7419238329DEA67700C64B25 /* CustomViews */ = {
			isa = PBXGroup;
			children = (
				7419238429DEA68900C64B25 /* AvatarImageView.swift */,
				742DA3A629D81E6C00F5B944 /* ImageSlider.swift */,
				7464837A29EB0BB2004AF6AD /* Cells */,
				7440F8B729E40294006E701A /* VideioView.swift */,
				74A36F8D29EA82970006E1E0 /* EmptyState.swift */,
			);
			path = CustomViews;
			sourceTree = "<group>";
		};
		7425F1AD2A00D577002610FF /* Frameworks */ = {
			isa = PBXGroup;
			children = (
			);
			name = Frameworks;
			sourceTree = "<group>";
		};
		742DA39C29D8175400F5B944 /* Fonts */ = {
			isa = PBXGroup;
			children = (
				742DA39D29D8176800F5B944 /* PlayfairDisplay-Bold.ttf */,
				742DA39E29D8176900F5B944 /* PlayfairDisplay-Regular.ttf */,
			);
			path = Fonts;
			sourceTree = "<group>";
		};
		742DA3A129D81BDC00F5B944 /* Modules */ = {
			isa = PBXGroup;
			children = (
				7419238329DEA67700C64B25 /* CustomViews */,
				742DA3A229D81BF600F5B944 /* MovieList */,
				742DA3A429D81C1800F5B944 /* MovieDetail */,
				742DA3A329D81BFF00F5B944 /* Search */,
				742DA3A529D81C2A00F5B944 /* WatchList */,
			);
			path = Modules;
			sourceTree = "<group>";
		};
		742DA3A229D81BF600F5B944 /* MovieList */ = {
			isa = PBXGroup;
			children = (
				7454C85429D6F264007473D4 /* MovieListView.swift */,
				740C74B029DAB58C005659AF /* MovieListViewModel.swift */,
			);
			path = MovieList;
			sourceTree = "<group>";
		};
		742DA3A329D81BFF00F5B944 /* Search */ = {
			isa = PBXGroup;
			children = (
				7454C86229D7220C007473D4 /* SearchView.swift */,
				74A36F8F29EA85030006E1E0 /* SearchViewModel.swift */,
			);
			path = Search;
			sourceTree = "<group>";
		};
		742DA3A429D81C1800F5B944 /* MovieDetail */ = {
			isa = PBXGroup;
			children = (
				742DA39F29D81A1500F5B944 /* MovieDetailView.swift */,
				74B1DBC229DC0450006EE7C2 /* MovieDetailViewModel.swift */,
				7440F8A529E0AE79006E701A /* PersonDetailView */,
				7464837B29EB0BE6004AF6AD /* ReviewDetail */,
			);
			path = MovieDetail;
			sourceTree = "<group>";
		};
		742DA3A529D81C2A00F5B944 /* WatchList */ = {
			isa = PBXGroup;
			children = (
				7454C86429D72255007473D4 /* WatchListView.swift */,
				74C01DCA29E541BD003E84D4 /* WatchListViewModel.swift */,
			);
			path = WatchList;
			sourceTree = "<group>";
		};
		742DA3A829D82CEC00F5B944 /* Binding */ = {
			isa = PBXGroup;
			children = (
				74B3B05529DEB2EA00250A52 /* Extensions */,
				742DA39C29D8175400F5B944 /* Fonts */,
				742DA3A929D82CF700F5B944 /* LoadableImage.swift */,
			);
			path = Binding;
			sourceTree = "<group>";
		};
		7440F8A529E0AE79006E701A /* PersonDetailView */ = {
			isa = PBXGroup;
			children = (
				7440F8A329E0AE76006E701A /* PersonDetailView.swift */,
				7440F8B529E31293006E701A /* PersonDetailViewModel.swift */,
			);
			path = PersonDetailView;
			sourceTree = "<group>";
		};
		7454C84629D6F264007473D4 = {
			isa = PBXGroup;
			children = (
				7440F8B029E1ED98006E701A /* README.md */,
				7454C85129D6F264007473D4 /* MovieBood */,
				749CFA4C2A39B10300380161 /* MovieBoodTests */,
				7454C85029D6F264007473D4 /* Products */,
				7425F1AD2A00D577002610FF /* Frameworks */,
			);
			sourceTree = "<group>";
		};
		7454C85029D6F264007473D4 /* Products */ = {
			isa = PBXGroup;
			children = (
				7454C84F29D6F264007473D4 /* MovieBood.app */,
				749CFA4B2A39B10300380161 /* MovieBoodTests.xctest */,
			);
			name = Products;
			sourceTree = "<group>";
		};
		7454C85129D6F264007473D4 /* MovieBood */ = {
			isa = PBXGroup;
			children = (
				74F31B4329D875AE0066981C /* AppDelegateServices */,
				74F31B4629D875E00066981C /* DependencyInjections */,
				742DA3A829D82CEC00F5B944 /* Binding */,
				74F31B6C29D879200066981C /* Application */,
				742DA39B29D72BD300F5B944 /* Info.plist */,
				74F31B5129D877900066981C /* Core */,
				7454C85229D6F264007473D4 /* MovieBoodApp.swift */,
				74F31B4D29D876B40066981C /* AppDelegate.swift */,
				74F31B4F29D876E40066981C /* AppConfig.swift */,
				7454C85629D6F266007473D4 /* Assets.xcassets */,
				7454C85829D6F266007473D4 /* Preview Content */,
			);
			path = MovieBood;
			sourceTree = "<group>";
		};
		7454C85829D6F266007473D4 /* Preview Content */ = {
			isa = PBXGroup;
			children = (
				7454C85929D6F266007473D4 /* Preview Assets.xcassets */,
			);
			path = "Preview Content";
			sourceTree = "<group>";
		};
		7464837A29EB0BB2004AF6AD /* Cells */ = {
			isa = PBXGroup;
			children = (
				74B3B05829DEE10600250A52 /* ReviewCell.swift */,
				74C01DCE29E543A7003E84D4 /* MovieListCell.swift */,
			);
			path = Cells;
			sourceTree = "<group>";
		};
		7464837B29EB0BE6004AF6AD /* ReviewDetail */ = {
			isa = PBXGroup;
			children = (
				7464837E29EB0C1D004AF6AD /* ReviewDetailView.swift */,
			);
			path = ReviewDetail;
			sourceTree = "<group>";
		};
		7464838029EB2A75004AF6AD /* Person */ = {
			isa = PBXGroup;
			children = (
				7440F8B129E2F7D1006E701A /* PersonModel.swift */,
				7464838129EBD28B004AF6AD /* PersonMovieCredits.swift */,
			);
			path = Person;
			sourceTree = "<group>";
		};
		7464838329EBD3BD004AF6AD /* PersonUIModels */ = {
			isa = PBXGroup;
			children = (
				7440F8B329E2F8E0006E701A /* PersonUIModel.swift */,
				7464838429EBD3CF004AF6AD /* PersonMovieCreditsUIModel.swift */,
			);
			path = PersonUIModels;
			sourceTree = "<group>";
		};
		749CFA4C2A39B10300380161 /* MovieBoodTests */ = {
			isa = PBXGroup;
			children = (
				749CFA622A39B4A500380161 /* Application */,
				749CFA4D2A39B10300380161 /* MovieBoodTests.swift */,
			);
			path = MovieBoodTests;
			sourceTree = "<group>";
		};
		749CFA622A39B4A500380161 /* Application */ = {
			isa = PBXGroup;
			children = (
				749CFA632A39B4B100380161 /* Data */,
			);
			path = Application;
			sourceTree = "<group>";
		};
		749CFA632A39B4B100380161 /* Data */ = {
			isa = PBXGroup;
			children = (
				749CFA542A39B12100380161 /* MoviesUIModelConverterTests.swift */,
				749CFA642A39B6D700380161 /* MovieReviewsUIModelConverterTests.swift */,
				749CFA662A39C69900380161 /* MovieDetailUIModelConverterTests.swift */,
			);
			path = Data;
			sourceTree = "<group>";
		};
		749CFA692A39C96800380161 /* MockModels */ = {
			isa = PBXGroup;
			children = (
				749CFA6A2A39C97E00380161 /* MovieDetail.json */,
				749CFA6D2A39C9C300380161 /* MockData.swift */,
			);
			path = MockModels;
			sourceTree = "<group>";
		};
		74A36F8C29EA7FAC0006E1E0 /* Realm */ = {
			isa = PBXGroup;
			children = (
				74C01DC829E43061003E84D4 /* FavoriteModel.swift */,
			);
			path = Realm;
			sourceTree = "<group>";
		};
		74B0407B29D9A9A500F7224C /* EndPoints */ = {
			isa = PBXGroup;
			children = (
				74B0407C29D9A9FC00F7224C /* MovieEndPoints.swift */,
			);
			path = EndPoints;
			sourceTree = "<group>";
		};
		74B0408029D9AB1900F7224C /* UIModels */ = {
			isa = PBXGroup;
			children = (
				74B0408129D9AB3900F7224C /* MoviesUIModel.swift */,
				7440F8A829E17453006E701A /* MovieReviewsUIModel.swift */,
				74B3B05C29DEFB6600250A52 /* MovieDetailUIModel.swift */,
				7464838329EBD3BD004AF6AD /* PersonUIModels */,
				74A36F9329EA8C830006E1E0 /* MovieSearchUIModel.swift */,
			);
			path = UIModels;
			sourceTree = "<group>";
		};
		74B3B05529DEB2EA00250A52 /* Extensions */ = {
			isa = PBXGroup;
			children = (
				74B3B05629DEB2FA00250A52 /* Color+Extensions.swift */,
				7440F8AE29E1941F006E701A /* DateTransform.swift */,
				749CFA2E2A38AD6900380161 /* Squence+Extensions.swift */,
				749CFA6F2A39CA0B00380161 /* Bundle+Extensions.swift */,
			);
			path = Extensions;
			sourceTree = "<group>";
		};
		74F31B4329D875AE0066981C /* AppDelegateServices */ = {
			isa = PBXGroup;
			children = (
				74F31B4429D875BE0066981C /* DependencyRegistrationService.swift */,
			);
			path = AppDelegateServices;
			sourceTree = "<group>";
		};
		74F31B4629D875E00066981C /* DependencyInjections */ = {
			isa = PBXGroup;
			children = (
				74F31B4729D875F30066981C /* RemoteServiceRegistrations.swift */,
				74F31B4929D876320066981C /* RepositoryRegistrations.swift */,
				74F31B4B29D876460066981C /* ServiceRegistrations.swift */,
			);
			path = DependencyInjections;
			sourceTree = "<group>";
		};
		74F31B5129D877900066981C /* Core */ = {
			isa = PBXGroup;
			children = (
				74F31B5229D877C10066981C /* Network */,
			);
			path = Core;
			sourceTree = "<group>";
		};
		74F31B5229D877C10066981C /* Network */ = {
			isa = PBXGroup;
			children = (
				74F31B5329D877C70066981C /* Protocols */,
				74F31B5529D877D20066981C /* Entities */,
				74F31B5429D877CC0066981C /* Extensions */,
			);
			path = Network;
			sourceTree = "<group>";
		};
		74F31B5329D877C70066981C /* Protocols */ = {
			isa = PBXGroup;
			children = (
				74F31B5629D878000066981C /* TargetEndPointProtocol.swift */,
				74F31B5829D878130066981C /* BaseServiceProtocol.swift */,
				74F31B5A29D878200066981C /* Requestable.swift */,
				74F31B5C29D878300066981C /* NetworkLoader.swift */,
			);
			path = Protocols;
			sourceTree = "<group>";
		};
		74F31B5429D877CC0066981C /* Extensions */ = {
			isa = PBXGroup;
			children = (
				74F31B5E29D878510066981C /* URLComponentsExtensions.swift */,
				74F31B6029D878780066981C /* URLSessionExtensions.swift */,
				74F31B6229D878A10066981C /* HTTPResponseExntensions.swift */,
			);
			path = Extensions;
			sourceTree = "<group>";
		};
		74F31B5529D877D20066981C /* Entities */ = {
			isa = PBXGroup;
			children = (
				74F31B6429D878B60066981C /* HTTPMethod.swift */,
				74F31B6629D878D70066981C /* HTTPStatus.swift */,
				74F31B6829D878EC0066981C /* AppError.swift */,
				74F31B6A29D878FB0066981C /* RequestObject.swift */,
			);
			path = Entities;
			sourceTree = "<group>";
		};
		74F31B6C29D879200066981C /* Application */ = {
			isa = PBXGroup;
			children = (
				7454C86029D72161007473D4 /* MovieBoodTabView.swift */,
				74F31B6D29D879370066981C /* Network */,
				74B0407B29D9A9A500F7224C /* EndPoints */,
				742DA3A129D81BDC00F5B944 /* Modules */,
				74F31B6E29D8793B0066981C /* Data */,
			);
			path = Application;
			sourceTree = "<group>";
		};
		74F31B6D29D879370066981C /* Network */ = {
			isa = PBXGroup;
			children = (
				74F31B7229D879AC0066981C /* NetworkService.swift */,
				74F31B7429D879B80066981C /* RemoteServices */,
			);
			path = Network;
			sourceTree = "<group>";
		};
		74F31B6E29D8793B0066981C /* Data */ = {
			isa = PBXGroup;
			children = (
				74F31B7129D8796B0066981C /* Responses */,
				74F31B7029D879660066981C /* Models */,
				74B0408029D9AB1900F7224C /* UIModels */,
				74F31B6F29D8795B0066981C /* Repositories */,
			);
			path = Data;
			sourceTree = "<group>";
		};
		74F31B6F29D8795B0066981C /* Repositories */ = {
			isa = PBXGroup;
			children = (
				74B0407E29D9AA8C00F7224C /* MoviesRepository.swift */,
				74B3B05E29E00F2900250A52 /* MovieDetailRepository.swift */,
			);
			path = Repositories;
			sourceTree = "<group>";
		};
		74F31B7029D879660066981C /* Models */ = {
			isa = PBXGroup;
			children = (
				749CFA692A39C96800380161 /* MockModels */,
				741A153629D9B0230053A6A8 /* MockableModel.swift */,
				741A153829D9B17F0053A6A8 /* FetchedDataType.swift */,
				74B0407929D9685300F7224C /* MoviesModel.swift */,
				74B3B05A29DEF59000250A52 /* MovieDetailModel.swift */,
				7440F8A629E173A8006E701A /* MovieReviewsModel.swift */,
				74A36F9129EA85CC0006E1E0 /* MovieSearchModel.swift */,
				7464838029EB2A75004AF6AD /* Person */,
				74A36F8C29EA7FAC0006E1E0 /* Realm */,
			);
			path = Models;
			sourceTree = "<group>";
		};
		74F31B7129D8796B0066981C /* Responses */ = {
			isa = PBXGroup;
			children = (
				74B0407729D967DB00F7224C /* MovieResponse.swift */,
			);
			path = Responses;
			sourceTree = "<group>";
		};
		74F31B7429D879B80066981C /* RemoteServices */ = {
			isa = PBXGroup;
			children = (
				74F31B7529D8AAC50066981C /* MoviesRemoteService.swift */,
				74B3B06029E00F7100250A52 /* MovieDetailRemoteService.swift */,
			);
			path = RemoteServices;
			sourceTree = "<group>";
		};
/* End PBXGroup section */

/* Begin PBXNativeTarget section */
		7454C84E29D6F264007473D4 /* MovieBood */ = {
			isa = PBXNativeTarget;
			buildConfigurationList = 7454C85D29D6F266007473D4 /* Build configuration list for PBXNativeTarget "MovieBood" */;
			buildPhases = (
				7454C84B29D6F264007473D4 /* Sources */,
				7454C84C29D6F264007473D4 /* Frameworks */,
				7454C84D29D6F264007473D4 /* Resources */,
			);
			buildRules = (
			);
			dependencies = (
			);
			name = MovieBood;
			packageProductDependencies = (
				74F31B4129D875700066981C /* Resolver */,
				74C01DC429E42FAF003E84D4 /* Realm */,
				74C01DC629E42FAF003E84D4 /* RealmSwift */,
			);
			productName = MovieBood;
			productReference = 7454C84F29D6F264007473D4 /* MovieBood.app */;
			productType = "com.apple.product-type.application";
		};
		749CFA4A2A39B10300380161 /* MovieBoodTests */ = {
			isa = PBXNativeTarget;
			buildConfigurationList = 749CFA512A39B10300380161 /* Build configuration list for PBXNativeTarget "MovieBoodTests" */;
			buildPhases = (
				749CFA472A39B10300380161 /* Sources */,
				749CFA482A39B10300380161 /* Frameworks */,
				749CFA492A39B10300380161 /* Resources */,
			);
			buildRules = (
			);
			dependencies = (
				749CFA502A39B10300380161 /* PBXTargetDependency */,
			);
			name = MovieBoodTests;
			packageProductDependencies = (
				749CFA5E2A39B3F500380161 /* RealmSwift */,
				749CFA602A39B40A00380161 /* Resolver */,
			);
			productName = MovieBoodTests;
			productReference = 749CFA4B2A39B10300380161 /* MovieBoodTests.xctest */;
			productType = "com.apple.product-type.bundle.unit-test";
		};
/* End PBXNativeTarget section */

/* Begin PBXProject section */
		7454C84729D6F264007473D4 /* Project object */ = {
			isa = PBXProject;
			attributes = {
				BuildIndependentTargetsInParallel = 1;
				LastSwiftUpdateCheck = 1430;
				LastUpgradeCheck = 1420;
				TargetAttributes = {
					7454C84E29D6F264007473D4 = {
						CreatedOnToolsVersion = 14.2;
					};
					749CFA4A2A39B10300380161 = {
						CreatedOnToolsVersion = 14.3.1;
						TestTargetID = 7454C84E29D6F264007473D4;
					};
				};
			};
			buildConfigurationList = 7454C84A29D6F264007473D4 /* Build configuration list for PBXProject "MovieBood" */;
			compatibilityVersion = "Xcode 14.0";
			developmentRegion = en;
			hasScannedForEncodings = 0;
			knownRegions = (
				en,
				Base,
			);
			mainGroup = 7454C84629D6F264007473D4;
			packageReferences = (
				74F31B4029D875700066981C /* XCRemoteSwiftPackageReference "Resolver" */,
				74C01DC329E42FAE003E84D4 /* XCRemoteSwiftPackageReference "realm-swift" */,
			);
			productRefGroup = 7454C85029D6F264007473D4 /* Products */;
			projectDirPath = "";
			projectRoot = "";
			targets = (
				7454C84E29D6F264007473D4 /* MovieBood */,
				749CFA4A2A39B10300380161 /* MovieBoodTests */,
			);
		};
/* End PBXProject section */

/* Begin PBXResourcesBuildPhase section */
		7454C84D29D6F264007473D4 /* Resources */ = {
			isa = PBXResourcesBuildPhase;
			buildActionMask = 2147483647;
			files = (
				7454C85A29D6F266007473D4 /* Preview Assets.xcassets in Resources */,
				7454C85729D6F266007473D4 /* Assets.xcassets in Resources */,
				749CFA6B2A39C97E00380161 /* MovieDetail.json in Resources */,
			);
			runOnlyForDeploymentPostprocessing = 0;
		};
		749CFA492A39B10300380161 /* Resources */ = {
			isa = PBXResourcesBuildPhase;
			buildActionMask = 2147483647;
			files = (
			);
			runOnlyForDeploymentPostprocessing = 0;
		};
/* End PBXResourcesBuildPhase section */

/* Begin PBXSourcesBuildPhase section */
		7454C84B29D6F264007473D4 /* Sources */ = {
			isa = PBXSourcesBuildPhase;
			buildActionMask = 2147483647;
			files = (
				742DA3A029D81A1500F5B944 /* MovieDetailView.swift in Sources */,
				74B0408229D9AB3900F7224C /* MoviesUIModel.swift in Sources */,
				74F31B6529D878B60066981C /* HTTPMethod.swift in Sources */,
				74F31B5D29D878300066981C /* NetworkLoader.swift in Sources */,
				7464838229EBD28B004AF6AD /* PersonMovieCredits.swift in Sources */,
				7440F8B429E2F8E0006E701A /* PersonUIModel.swift in Sources */,
				749CFA2F2A38AD6900380161 /* Squence+Extensions.swift in Sources */,
				74F31B4529D875BE0066981C /* DependencyRegistrationService.swift in Sources */,
				74F31B5929D878130066981C /* BaseServiceProtocol.swift in Sources */,
				7464838529EBD3CF004AF6AD /* PersonMovieCreditsUIModel.swift in Sources */,
				74B3B05D29DEFB6600250A52 /* MovieDetailUIModel.swift in Sources */,
				742DA3A729D81E6C00F5B944 /* ImageSlider.swift in Sources */,
				74F31B5F29D878510066981C /* URLComponentsExtensions.swift in Sources */,
				74B1DBC329DC0450006EE7C2 /* MovieDetailViewModel.swift in Sources */,
				74F31B5029D876E40066981C /* AppConfig.swift in Sources */,
				7464837F29EB0C1D004AF6AD /* ReviewDetailView.swift in Sources */,
				74B3B05929DEE10600250A52 /* ReviewCell.swift in Sources */,
				74F31B6729D878D70066981C /* HTTPStatus.swift in Sources */,
				7454C86329D7220C007473D4 /* SearchView.swift in Sources */,
				74A36F9229EA85CC0006E1E0 /* MovieSearchModel.swift in Sources */,
				74F31B4829D875F30066981C /* RemoteServiceRegistrations.swift in Sources */,
				74B0407D29D9A9FC00F7224C /* MovieEndPoints.swift in Sources */,
				74C01DCB29E541BD003E84D4 /* WatchListViewModel.swift in Sources */,
				74B0407F29D9AA8C00F7224C /* MoviesRepository.swift in Sources */,
				7454C86129D72161007473D4 /* MovieBoodTabView.swift in Sources */,
				7440F8A929E17453006E701A /* MovieReviewsUIModel.swift in Sources */,
				74F31B5729D878000066981C /* TargetEndPointProtocol.swift in Sources */,
				7454C85529D6F264007473D4 /* MovieListView.swift in Sources */,
				74F31B6129D878780066981C /* URLSessionExtensions.swift in Sources */,
				74C01DC929E43061003E84D4 /* FavoriteModel.swift in Sources */,
				74F31B4A29D876320066981C /* RepositoryRegistrations.swift in Sources */,
				7440F8AF29E1941F006E701A /* DateTransform.swift in Sources */,
				74F31B4E29D876B40066981C /* AppDelegate.swift in Sources */,
				74F31B7629D8AAC50066981C /* MoviesRemoteService.swift in Sources */,
				7440F8A729E173A8006E701A /* MovieReviewsModel.swift in Sources */,
				74F31B6329D878A10066981C /* HTTPResponseExntensions.swift in Sources */,
				74B3B06129E00F7100250A52 /* MovieDetailRemoteService.swift in Sources */,
				74A36F8E29EA82970006E1E0 /* EmptyState.swift in Sources */,
				74F31B4C29D876460066981C /* ServiceRegistrations.swift in Sources */,
				749CFA702A39CA0B00380161 /* Bundle+Extensions.swift in Sources */,
				742DA3AA29D82CF700F5B944 /* LoadableImage.swift in Sources */,
				749CFA6E2A39C9C300380161 /* MockData.swift in Sources */,
				740C74B129DAB58C005659AF /* MovieListViewModel.swift in Sources */,
				74B0407829D967DB00F7224C /* MovieResponse.swift in Sources */,
				74F31B6929D878EC0066981C /* AppError.swift in Sources */,
				74B3B05B29DEF59000250A52 /* MovieDetailModel.swift in Sources */,
				741A153729D9B0230053A6A8 /* MockableModel.swift in Sources */,
				7440F8B229E2F7D1006E701A /* PersonModel.swift in Sources */,
				741A153929D9B17F0053A6A8 /* FetchedDataType.swift in Sources */,
				74B3B05F29E00F2900250A52 /* MovieDetailRepository.swift in Sources */,
				7454C86529D72255007473D4 /* WatchListView.swift in Sources */,
				74F31B5B29D878200066981C /* Requestable.swift in Sources */,
				7440F8B829E40294006E701A /* VideioView.swift in Sources */,
				7419238529DEA68900C64B25 /* AvatarImageView.swift in Sources */,
				74B0407A29D9685300F7224C /* MoviesModel.swift in Sources */,
				74F31B6B29D878FB0066981C /* RequestObject.swift in Sources */,
				74B3B05729DEB2FA00250A52 /* Color+Extensions.swift in Sources */,
				74A36F9029EA85030006E1E0 /* SearchViewModel.swift in Sources */,
				74A36F9429EA8C830006E1E0 /* MovieSearchUIModel.swift in Sources */,
				74F31B7329D879AC0066981C /* NetworkService.swift in Sources */,
				74C01DCF29E543A7003E84D4 /* MovieListCell.swift in Sources */,
				7440F8A429E0AE76006E701A /* PersonDetailView.swift in Sources */,
				7440F8B629E31293006E701A /* PersonDetailViewModel.swift in Sources */,
				7454C85329D6F264007473D4 /* MovieBoodApp.swift in Sources */,
			);
			runOnlyForDeploymentPostprocessing = 0;
		};
		749CFA472A39B10300380161 /* Sources */ = {
			isa = PBXSourcesBuildPhase;
			buildActionMask = 2147483647;
			files = (
				749CFA672A39C69900380161 /* MovieDetailUIModelConverterTests.swift in Sources */,
				749CFA652A39B6D700380161 /* MovieReviewsUIModelConverterTests.swift in Sources */,
				749CFA582A39B24100380161 /* MoviesUIModelConverterTests.swift in Sources */,
				749CFA4E2A39B10300380161 /* MovieBoodTests.swift in Sources */,
			);
			runOnlyForDeploymentPostprocessing = 0;
		};
/* End PBXSourcesBuildPhase section */

/* Begin PBXTargetDependency section */
		749CFA502A39B10300380161 /* PBXTargetDependency */ = {
			isa = PBXTargetDependency;
			target = 7454C84E29D6F264007473D4 /* MovieBood */;
			targetProxy = 749CFA4F2A39B10300380161 /* PBXContainerItemProxy */;
		};
/* End PBXTargetDependency section */

/* Begin XCBuildConfiguration section */
		7454C85B29D6F266007473D4 /* Debug */ = {
			isa = XCBuildConfiguration;
			buildSettings = {
				ALWAYS_SEARCH_USER_PATHS = NO;
				CLANG_ANALYZER_NONNULL = YES;
				CLANG_ANALYZER_NUMBER_OBJECT_CONVERSION = YES_AGGRESSIVE;
				CLANG_CXX_LANGUAGE_STANDARD = "gnu++20";
				CLANG_ENABLE_MODULES = YES;
				CLANG_ENABLE_OBJC_ARC = YES;
				CLANG_ENABLE_OBJC_WEAK = YES;
				CLANG_WARN_BLOCK_CAPTURE_AUTORELEASING = YES;
				CLANG_WARN_BOOL_CONVERSION = YES;
				CLANG_WARN_COMMA = YES;
				CLANG_WARN_CONSTANT_CONVERSION = YES;
				CLANG_WARN_DEPRECATED_OBJC_IMPLEMENTATIONS = YES;
				CLANG_WARN_DIRECT_OBJC_ISA_USAGE = YES_ERROR;
				CLANG_WARN_DOCUMENTATION_COMMENTS = YES;
				CLANG_WARN_EMPTY_BODY = YES;
				CLANG_WARN_ENUM_CONVERSION = YES;
				CLANG_WARN_INFINITE_RECURSION = YES;
				CLANG_WARN_INT_CONVERSION = YES;
				CLANG_WARN_NON_LITERAL_NULL_CONVERSION = YES;
				CLANG_WARN_OBJC_IMPLICIT_RETAIN_SELF = YES;
				CLANG_WARN_OBJC_LITERAL_CONVERSION = YES;
				CLANG_WARN_OBJC_ROOT_CLASS = YES_ERROR;
				CLANG_WARN_QUOTED_INCLUDE_IN_FRAMEWORK_HEADER = YES;
				CLANG_WARN_RANGE_LOOP_ANALYSIS = YES;
				CLANG_WARN_STRICT_PROTOTYPES = YES;
				CLANG_WARN_SUSPICIOUS_MOVE = YES;
				CLANG_WARN_UNGUARDED_AVAILABILITY = YES_AGGRESSIVE;
				CLANG_WARN_UNREACHABLE_CODE = YES;
				CLANG_WARN__DUPLICATE_METHOD_MATCH = YES;
				COPY_PHASE_STRIP = NO;
				DEBUG_INFORMATION_FORMAT = dwarf;
				ENABLE_STRICT_OBJC_MSGSEND = YES;
				ENABLE_TESTABILITY = YES;
				GCC_C_LANGUAGE_STANDARD = gnu11;
				GCC_DYNAMIC_NO_PIC = NO;
				GCC_NO_COMMON_BLOCKS = YES;
				GCC_OPTIMIZATION_LEVEL = 0;
				GCC_PREPROCESSOR_DEFINITIONS = (
					"DEBUG=1",
					"$(inherited)",
				);
				GCC_WARN_64_TO_32_BIT_CONVERSION = YES;
				GCC_WARN_ABOUT_RETURN_TYPE = YES_ERROR;
				GCC_WARN_UNDECLARED_SELECTOR = YES;
				GCC_WARN_UNINITIALIZED_AUTOS = YES_AGGRESSIVE;
				GCC_WARN_UNUSED_FUNCTION = YES;
				GCC_WARN_UNUSED_VARIABLE = YES;
				IPHONEOS_DEPLOYMENT_TARGET = 16.0;
				MTL_ENABLE_DEBUG_INFO = INCLUDE_SOURCE;
				MTL_FAST_MATH = YES;
				ONLY_ACTIVE_ARCH = YES;
				SDKROOT = iphoneos;
				SWIFT_ACTIVE_COMPILATION_CONDITIONS = DEBUG;
				SWIFT_OPTIMIZATION_LEVEL = "-Onone";
			};
			name = Debug;
		};
		7454C85C29D6F266007473D4 /* Release */ = {
			isa = XCBuildConfiguration;
			buildSettings = {
				ALWAYS_SEARCH_USER_PATHS = NO;
				CLANG_ANALYZER_NONNULL = YES;
				CLANG_ANALYZER_NUMBER_OBJECT_CONVERSION = YES_AGGRESSIVE;
				CLANG_CXX_LANGUAGE_STANDARD = "gnu++20";
				CLANG_ENABLE_MODULES = YES;
				CLANG_ENABLE_OBJC_ARC = YES;
				CLANG_ENABLE_OBJC_WEAK = YES;
				CLANG_WARN_BLOCK_CAPTURE_AUTORELEASING = YES;
				CLANG_WARN_BOOL_CONVERSION = YES;
				CLANG_WARN_COMMA = YES;
				CLANG_WARN_CONSTANT_CONVERSION = YES;
				CLANG_WARN_DEPRECATED_OBJC_IMPLEMENTATIONS = YES;
				CLANG_WARN_DIRECT_OBJC_ISA_USAGE = YES_ERROR;
				CLANG_WARN_DOCUMENTATION_COMMENTS = YES;
				CLANG_WARN_EMPTY_BODY = YES;
				CLANG_WARN_ENUM_CONVERSION = YES;
				CLANG_WARN_INFINITE_RECURSION = YES;
				CLANG_WARN_INT_CONVERSION = YES;
				CLANG_WARN_NON_LITERAL_NULL_CONVERSION = YES;
				CLANG_WARN_OBJC_IMPLICIT_RETAIN_SELF = YES;
				CLANG_WARN_OBJC_LITERAL_CONVERSION = YES;
				CLANG_WARN_OBJC_ROOT_CLASS = YES_ERROR;
				CLANG_WARN_QUOTED_INCLUDE_IN_FRAMEWORK_HEADER = YES;
				CLANG_WARN_RANGE_LOOP_ANALYSIS = YES;
				CLANG_WARN_STRICT_PROTOTYPES = YES;
				CLANG_WARN_SUSPICIOUS_MOVE = YES;
				CLANG_WARN_UNGUARDED_AVAILABILITY = YES_AGGRESSIVE;
				CLANG_WARN_UNREACHABLE_CODE = YES;
				CLANG_WARN__DUPLICATE_METHOD_MATCH = YES;
				COPY_PHASE_STRIP = NO;
				DEBUG_INFORMATION_FORMAT = "dwarf-with-dsym";
				ENABLE_NS_ASSERTIONS = NO;
				ENABLE_STRICT_OBJC_MSGSEND = YES;
				GCC_C_LANGUAGE_STANDARD = gnu11;
				GCC_NO_COMMON_BLOCKS = YES;
				GCC_WARN_64_TO_32_BIT_CONVERSION = YES;
				GCC_WARN_ABOUT_RETURN_TYPE = YES_ERROR;
				GCC_WARN_UNDECLARED_SELECTOR = YES;
				GCC_WARN_UNINITIALIZED_AUTOS = YES_AGGRESSIVE;
				GCC_WARN_UNUSED_FUNCTION = YES;
				GCC_WARN_UNUSED_VARIABLE = YES;
				IPHONEOS_DEPLOYMENT_TARGET = 16.0;
				MTL_ENABLE_DEBUG_INFO = NO;
				MTL_FAST_MATH = YES;
				SDKROOT = iphoneos;
				SWIFT_COMPILATION_MODE = wholemodule;
				SWIFT_OPTIMIZATION_LEVEL = "-O";
				VALIDATE_PRODUCT = YES;
			};
			name = Release;
		};
		7454C85E29D6F266007473D4 /* Debug */ = {
			isa = XCBuildConfiguration;
			buildSettings = {
				ASSETCATALOG_COMPILER_APPICON_NAME = AppIcon;
				ASSETCATALOG_COMPILER_GLOBAL_ACCENT_COLOR_NAME = AccentColor;
				CODE_SIGN_STYLE = Automatic;
				CURRENT_PROJECT_VERSION = 1;
				DEVELOPMENT_ASSET_PATHS = "\"MovieBood/Preview Content\"";
				DEVELOPMENT_TEAM = 3JFC7AD7WA;
				ENABLE_PREVIEWS = YES;
				GENERATE_INFOPLIST_FILE = YES;
				INFOPLIST_FILE = MovieBood/Info.plist;
				INFOPLIST_KEY_UIApplicationSupportsIndirectInputEvents = YES;
				INFOPLIST_KEY_UILaunchScreen_Generation = YES;
				INFOPLIST_KEY_UIStatusBarStyle = UIStatusBarStyleDarkContent;
				INFOPLIST_KEY_UISupportedInterfaceOrientations = UIInterfaceOrientationPortrait;
				IPHONEOS_DEPLOYMENT_TARGET = 16.0;
				LD_RUNPATH_SEARCH_PATHS = (
					"$(inherited)",
					"@executable_path/Frameworks",
				);
				MARKETING_VERSION = 1.0;
				PRODUCT_BUNDLE_IDENTIFIER = comMuhammed.MovieBood;
				PRODUCT_NAME = "$(TARGET_NAME)";
				SUPPORTED_PLATFORMS = "iphoneos iphonesimulator";
				SUPPORTS_MACCATALYST = NO;
				SUPPORTS_MAC_DESIGNED_FOR_IPHONE_IPAD = NO;
				SWIFT_EMIT_LOC_STRINGS = YES;
				SWIFT_VERSION = 5.0;
				TARGETED_DEVICE_FAMILY = "1,2";
			};
			name = Debug;
		};
		7454C85F29D6F266007473D4 /* Release */ = {
			isa = XCBuildConfiguration;
			buildSettings = {
				ASSETCATALOG_COMPILER_APPICON_NAME = AppIcon;
				ASSETCATALOG_COMPILER_GLOBAL_ACCENT_COLOR_NAME = AccentColor;
				CODE_SIGN_STYLE = Automatic;
				CURRENT_PROJECT_VERSION = 1;
				DEVELOPMENT_ASSET_PATHS = "\"MovieBood/Preview Content\"";
				DEVELOPMENT_TEAM = 3JFC7AD7WA;
				ENABLE_PREVIEWS = YES;
				GENERATE_INFOPLIST_FILE = YES;
				INFOPLIST_FILE = MovieBood/Info.plist;
				INFOPLIST_KEY_UIApplicationSupportsIndirectInputEvents = YES;
				INFOPLIST_KEY_UILaunchScreen_Generation = YES;
				INFOPLIST_KEY_UIStatusBarStyle = UIStatusBarStyleDarkContent;
				INFOPLIST_KEY_UISupportedInterfaceOrientations = UIInterfaceOrientationPortrait;
				IPHONEOS_DEPLOYMENT_TARGET = 16.0;
				LD_RUNPATH_SEARCH_PATHS = (
					"$(inherited)",
					"@executable_path/Frameworks",
				);
				MARKETING_VERSION = 1.0;
				PRODUCT_BUNDLE_IDENTIFIER = comMuhammed.MovieBood;
				PRODUCT_NAME = "$(TARGET_NAME)";
				SUPPORTED_PLATFORMS = "iphoneos iphonesimulator";
				SUPPORTS_MACCATALYST = NO;
				SUPPORTS_MAC_DESIGNED_FOR_IPHONE_IPAD = NO;
				SWIFT_EMIT_LOC_STRINGS = YES;
				SWIFT_VERSION = 5.0;
				TARGETED_DEVICE_FAMILY = "1,2";
			};
			name = Release;
		};
		749CFA522A39B10300380161 /* Debug */ = {
			isa = XCBuildConfiguration;
			buildSettings = {
				BUNDLE_LOADER = "$(TEST_HOST)";
				CODE_SIGN_STYLE = Automatic;
				CURRENT_PROJECT_VERSION = 1;
				DEVELOPMENT_TEAM = 3JFC7AD7WA;
				GENERATE_INFOPLIST_FILE = YES;
				IPHONEOS_DEPLOYMENT_TARGET = 16.4;
				MARKETING_VERSION = 1.0;
				PRODUCT_BUNDLE_IDENTIFIER = comMuhammed.MovieBoodTests;
				PRODUCT_NAME = "$(TARGET_NAME)";
				SWIFT_EMIT_LOC_STRINGS = NO;
				SWIFT_VERSION = 5.0;
				TARGETED_DEVICE_FAMILY = "1,2";
				TEST_HOST = "$(BUILT_PRODUCTS_DIR)/MovieBood.app/$(BUNDLE_EXECUTABLE_FOLDER_PATH)/MovieBood";
			};
			name = Debug;
		};
		749CFA532A39B10300380161 /* Release */ = {
			isa = XCBuildConfiguration;
			buildSettings = {
				BUNDLE_LOADER = "$(TEST_HOST)";
				CODE_SIGN_STYLE = Automatic;
				CURRENT_PROJECT_VERSION = 1;
				DEVELOPMENT_TEAM = 3JFC7AD7WA;
				GENERATE_INFOPLIST_FILE = YES;
				IPHONEOS_DEPLOYMENT_TARGET = 16.4;
				MARKETING_VERSION = 1.0;
				PRODUCT_BUNDLE_IDENTIFIER = comMuhammed.MovieBoodTests;
				PRODUCT_NAME = "$(TARGET_NAME)";
				SWIFT_EMIT_LOC_STRINGS = NO;
				SWIFT_VERSION = 5.0;
				TARGETED_DEVICE_FAMILY = "1,2";
				TEST_HOST = "$(BUILT_PRODUCTS_DIR)/MovieBood.app/$(BUNDLE_EXECUTABLE_FOLDER_PATH)/MovieBood";
			};
			name = Release;
		};
/* End XCBuildConfiguration section */

/* Begin XCConfigurationList section */
		7454C84A29D6F264007473D4 /* Build configuration list for PBXProject "MovieBood" */ = {
			isa = XCConfigurationList;
			buildConfigurations = (
				7454C85B29D6F266007473D4 /* Debug */,
				7454C85C29D6F266007473D4 /* Release */,
			);
			defaultConfigurationIsVisible = 0;
			defaultConfigurationName = Release;
		};
		7454C85D29D6F266007473D4 /* Build configuration list for PBXNativeTarget "MovieBood" */ = {
			isa = XCConfigurationList;
			buildConfigurations = (
				7454C85E29D6F266007473D4 /* Debug */,
				7454C85F29D6F266007473D4 /* Release */,
			);
			defaultConfigurationIsVisible = 0;
			defaultConfigurationName = Release;
		};
		749CFA512A39B10300380161 /* Build configuration list for PBXNativeTarget "MovieBoodTests" */ = {
			isa = XCConfigurationList;
			buildConfigurations = (
				749CFA522A39B10300380161 /* Debug */,
				749CFA532A39B10300380161 /* Release */,
			);
			defaultConfigurationIsVisible = 0;
			defaultConfigurationName = Release;
		};
/* End XCConfigurationList section */

/* Begin XCRemoteSwiftPackageReference section */
		74C01DC329E42FAE003E84D4 /* XCRemoteSwiftPackageReference "realm-swift" */ = {
			isa = XCRemoteSwiftPackageReference;
			repositoryURL = "https://github.com/realm/realm-swift.git";
			requirement = {
				branch = master;
				kind = branch;
			};
		};
		74F31B4029D875700066981C /* XCRemoteSwiftPackageReference "Resolver" */ = {
			isa = XCRemoteSwiftPackageReference;
			repositoryURL = "https://github.com/hmlongco/Resolver.git";
			requirement = {
				kind = upToNextMajorVersion;
				minimumVersion = 1.0.0;
			};
		};
/* End XCRemoteSwiftPackageReference section */

/* Begin XCSwiftPackageProductDependency section */
		749CFA5E2A39B3F500380161 /* RealmSwift */ = {
			isa = XCSwiftPackageProductDependency;
			package = 74C01DC329E42FAE003E84D4 /* XCRemoteSwiftPackageReference "realm-swift" */;
			productName = RealmSwift;
		};
		749CFA602A39B40A00380161 /* Resolver */ = {
			isa = XCSwiftPackageProductDependency;
			package = 74F31B4029D875700066981C /* XCRemoteSwiftPackageReference "Resolver" */;
			productName = Resolver;
		};
		74C01DC429E42FAF003E84D4 /* Realm */ = {
			isa = XCSwiftPackageProductDependency;
			package = 74C01DC329E42FAE003E84D4 /* XCRemoteSwiftPackageReference "realm-swift" */;
			productName = Realm;
		};
		74C01DC629E42FAF003E84D4 /* RealmSwift */ = {
			isa = XCSwiftPackageProductDependency;
			package = 74C01DC329E42FAE003E84D4 /* XCRemoteSwiftPackageReference "realm-swift" */;
			productName = RealmSwift;
		};
		74F31B4129D875700066981C /* Resolver */ = {
			isa = XCSwiftPackageProductDependency;
			package = 74F31B4029D875700066981C /* XCRemoteSwiftPackageReference "Resolver" */;
			productName = Resolver;
		};
/* End XCSwiftPackageProductDependency section */
	};
	rootObject = 7454C84729D6F264007473D4 /* Project object */;
}
